
Microsoft Visual Studio Solution File, Format Version 12.00
# Visual Studio Version 17
VisualStudioVersion = 17.3.32929.385
MinimumVisualStudioVersion = 10.0.40219.1
Project("{FAE04EC0-301F-11D3-BF4B-00C04F79EFBC}") = "Ornek2", "Ornek2\Ornek2.csproj", "{AF04FC89-5D59-4232-BD3C-F87BE46D687C}"
EndProject
Global
	GlobalSection(SolutionConfigurationPlatforms) = preSolution
		Debug|Any CPU = Debug|Any CPU
		Release|Any CPU = Release|Any CPU
	EndGlobalSection
	GlobalSection(ProjectConfigurationPlatforms) = postSolution
		{AF04FC89-5D59-4232-BD3C-F87BE46D687C}.Debug|Any CPU.ActiveCfg = Debug|Any CPU
		{AF04FC89-5D59-4232-BD3C-F87BE46D687C}.Debug|Any CPU.Build.0 = Debug|Any CPU
		{AF04FC89-5D59-4232-BD3C-F87BE46D687C}.Release|Any CPU.ActiveCfg = Release|Any CPU
		{AF04FC89-5D59-4232-BD3C-F87BE46D687C}.Release|Any CPU.Build.0 = Release|Any CPU
	EndGlobalSection
	GlobalSection(SolutionProperties) = preSolution
		HideSolutionNode = FALSE
	EndGlobalSection
	GlobalSection(ExtensibilityGlobals) = postSolution
		SolutionGuid = {D208F604-8AA6-4DB4-9F6E-6ABE69407438}
	EndGlobalSection
EndGlobal
