
Microsoft Visual Studio Solution File, Format Version 12.00
# Visual Studio Version 17
VisualStudioVersion = 17.3.32929.385
MinimumVisualStudioVersion = 10.0.40219.1
Project("{FAE04EC0-301F-11D3-BF4B-00C04F79EFBC}") = "Ornek6", "Ornek6\Ornek6.csproj", "{DCA58327-E6D4-4929-8125-1DA242FD71FB}"
EndProject
Global
	GlobalSection(SolutionConfigurationPlatforms) = preSolution
		Debug|Any CPU = Debug|Any CPU
		Release|Any CPU = Release|Any CPU
	EndGlobalSection
	GlobalSection(ProjectConfigurationPlatforms) = postSolution
		{DCA58327-E6D4-4929-8125-1DA242FD71FB}.Debug|Any CPU.ActiveCfg = Debug|Any CPU
		{DCA58327-E6D4-4929-8125-1DA242FD71FB}.Debug|Any CPU.Build.0 = Debug|Any CPU
		{DCA58327-E6D4-4929-8125-1DA242FD71FB}.Release|Any CPU.ActiveCfg = Release|Any CPU
		{DCA58327-E6D4-4929-8125-1DA242FD71FB}.Release|Any CPU.Build.0 = Release|Any CPU
	EndGlobalSection
	GlobalSection(SolutionProperties) = preSolution
		HideSolutionNode = FALSE
	EndGlobalSection
	GlobalSection(ExtensibilityGlobals) = postSolution
		SolutionGuid = {D6A7DB96-930C-4A0E-B035-B373F269B4CA}
	EndGlobalSection
EndGlobal
