
Microsoft Visual Studio Solution File, Format Version 12.00
# Visual Studio Version 17
VisualStudioVersion = 17.3.32929.385
MinimumVisualStudioVersion = 10.0.40219.1
Project("{FAE04EC0-301F-11D3-BF4B-00C04F79EFBC}") = "Ornek1", "Ornek1\Ornek1.csproj", "{E3664CAA-834B-4D79-8090-E954BBD11474}"
EndProject
Global
	GlobalSection(SolutionConfigurationPlatforms) = preSolution
		Debug|Any CPU = Debug|Any CPU
		Release|Any CPU = Release|Any CPU
	EndGlobalSection
	GlobalSection(ProjectConfigurationPlatforms) = postSolution
		{E3664CAA-834B-4D79-8090-E954BBD11474}.Debug|Any CPU.ActiveCfg = Debug|Any CPU
		{E3664CAA-834B-4D79-8090-E954BBD11474}.Debug|Any CPU.Build.0 = Debug|Any CPU
		{E3664CAA-834B-4D79-8090-E954BBD11474}.Release|Any CPU.ActiveCfg = Release|Any CPU
		{E3664CAA-834B-4D79-8090-E954BBD11474}.Release|Any CPU.Build.0 = Release|Any CPU
	EndGlobalSection
	GlobalSection(SolutionProperties) = preSolution
		HideSolutionNode = FALSE
	EndGlobalSection
	GlobalSection(ExtensibilityGlobals) = postSolution
		SolutionGuid = {4D433416-578E-45B6-B613-7307030AF559}
	EndGlobalSection
EndGlobal
