
Microsoft Visual Studio Solution File, Format Version 12.00
# Visual Studio Version 17
VisualStudioVersion = 17.3.32929.385
MinimumVisualStudioVersion = 10.0.40219.1
Project("{FAE04EC0-301F-11D3-BF4B-00C04F79EFBC}") = "Ornek1", "Ornek1\Ornek1.csproj", "{C8A883EA-F253-474F-AEA6-65BD91A112C8}"
EndProject
Global
	GlobalSection(SolutionConfigurationPlatforms) = preSolution
		Debug|Any CPU = Debug|Any CPU
		Release|Any CPU = Release|Any CPU
	EndGlobalSection
	GlobalSection(ProjectConfigurationPlatforms) = postSolution
		{C8A883EA-F253-474F-AEA6-65BD91A112C8}.Debug|Any CPU.ActiveCfg = Debug|Any CPU
		{C8A883EA-F253-474F-AEA6-65BD91A112C8}.Debug|Any CPU.Build.0 = Debug|Any CPU
		{C8A883EA-F253-474F-AEA6-65BD91A112C8}.Release|Any CPU.ActiveCfg = Release|Any CPU
		{C8A883EA-F253-474F-AEA6-65BD91A112C8}.Release|Any CPU.Build.0 = Release|Any CPU
	EndGlobalSection
	GlobalSection(SolutionProperties) = preSolution
		HideSolutionNode = FALSE
	EndGlobalSection
	GlobalSection(ExtensibilityGlobals) = postSolution
		SolutionGuid = {3B87767D-EC02-41E4-A248-3C6069F27766}
	EndGlobalSection
EndGlobal
