
Microsoft Visual Studio Solution File, Format Version 12.00
# Visual Studio Version 17
VisualStudioVersion = 17.3.32929.385
MinimumVisualStudioVersion = 10.0.40219.1
Project("{FAE04EC0-301F-11D3-BF4B-00C04F79EFBC}") = "Ornek5", "Ornek5\Ornek5.csproj", "{7CA732FE-C405-4A4C-9E46-B2148593F405}"
EndProject
Global
	GlobalSection(SolutionConfigurationPlatforms) = preSolution
		Debug|Any CPU = Debug|Any CPU
		Release|Any CPU = Release|Any CPU
	EndGlobalSection
	GlobalSection(ProjectConfigurationPlatforms) = postSolution
		{7CA732FE-C405-4A4C-9E46-B2148593F405}.Debug|Any CPU.ActiveCfg = Debug|Any CPU
		{7CA732FE-C405-4A4C-9E46-B2148593F405}.Debug|Any CPU.Build.0 = Debug|Any CPU
		{7CA732FE-C405-4A4C-9E46-B2148593F405}.Release|Any CPU.ActiveCfg = Release|Any CPU
		{7CA732FE-C405-4A4C-9E46-B2148593F405}.Release|Any CPU.Build.0 = Release|Any CPU
	EndGlobalSection
	GlobalSection(SolutionProperties) = preSolution
		HideSolutionNode = FALSE
	EndGlobalSection
	GlobalSection(ExtensibilityGlobals) = postSolution
		SolutionGuid = {F34E2355-D23F-47ED-9797-39C139FE2200}
	EndGlobalSection
EndGlobal
