
Microsoft Visual Studio Solution File, Format Version 12.00
# Visual Studio Version 17
VisualStudioVersion = 17.3.32929.385
MinimumVisualStudioVersion = 10.0.40219.1
Project("{FAE04EC0-301F-11D3-BF4B-00C04F79EFBC}") = "Ornek9", "Ornek9\Ornek9.csproj", "{C7942078-CB2B-47BA-B266-33BDEC50F1CC}"
EndProject
Global
	GlobalSection(SolutionConfigurationPlatforms) = preSolution
		Debug|Any CPU = Debug|Any CPU
		Release|Any CPU = Release|Any CPU
	EndGlobalSection
	GlobalSection(ProjectConfigurationPlatforms) = postSolution
		{C7942078-CB2B-47BA-B266-33BDEC50F1CC}.Debug|Any CPU.ActiveCfg = Debug|Any CPU
		{C7942078-CB2B-47BA-B266-33BDEC50F1CC}.Debug|Any CPU.Build.0 = Debug|Any CPU
		{C7942078-CB2B-47BA-B266-33BDEC50F1CC}.Release|Any CPU.ActiveCfg = Release|Any CPU
		{C7942078-CB2B-47BA-B266-33BDEC50F1CC}.Release|Any CPU.Build.0 = Release|Any CPU
	EndGlobalSection
	GlobalSection(SolutionProperties) = preSolution
		HideSolutionNode = FALSE
	EndGlobalSection
	GlobalSection(ExtensibilityGlobals) = postSolution
		SolutionGuid = {7D66A4CE-AC55-4504-BF0A-057DA1CD41EF}
	EndGlobalSection
EndGlobal
