
Microsoft Visual Studio Solution File, Format Version 12.00
# Visual Studio Version 17
VisualStudioVersion = 17.3.32929.385
MinimumVisualStudioVersion = 10.0.40219.1
Project("{FAE04EC0-301F-11D3-BF4B-00C04F79EFBC}") = "Ornek3", "Ornek3\Ornek3.csproj", "{49E2E6B5-4F02-43D5-B498-0D27BEC8F801}"
EndProject
Global
	GlobalSection(SolutionConfigurationPlatforms) = preSolution
		Debug|Any CPU = Debug|Any CPU
		Release|Any CPU = Release|Any CPU
	EndGlobalSection
	GlobalSection(ProjectConfigurationPlatforms) = postSolution
		{49E2E6B5-4F02-43D5-B498-0D27BEC8F801}.Debug|Any CPU.ActiveCfg = Debug|Any CPU
		{49E2E6B5-4F02-43D5-B498-0D27BEC8F801}.Debug|Any CPU.Build.0 = Debug|Any CPU
		{49E2E6B5-4F02-43D5-B498-0D27BEC8F801}.Release|Any CPU.ActiveCfg = Release|Any CPU
		{49E2E6B5-4F02-43D5-B498-0D27BEC8F801}.Release|Any CPU.Build.0 = Release|Any CPU
	EndGlobalSection
	GlobalSection(SolutionProperties) = preSolution
		HideSolutionNode = FALSE
	EndGlobalSection
	GlobalSection(ExtensibilityGlobals) = postSolution
		SolutionGuid = {0E8805DE-6FA4-4C81-B8AE-E186E76503CD}
	EndGlobalSection
EndGlobal
