
Microsoft Visual Studio Solution File, Format Version 12.00
# Visual Studio Version 17
VisualStudioVersion = 17.3.32929.385
MinimumVisualStudioVersion = 10.0.40219.1
Project("{FAE04EC0-301F-11D3-BF4B-00C04F79EFBC}") = "Ornek6", "Ornek6\Ornek6.csproj", "{57FF860A-D847-40F6-9869-936F4D09E56A}"
EndProject
Global
	GlobalSection(SolutionConfigurationPlatforms) = preSolution
		Debug|Any CPU = Debug|Any CPU
		Release|Any CPU = Release|Any CPU
	EndGlobalSection
	GlobalSection(ProjectConfigurationPlatforms) = postSolution
		{57FF860A-D847-40F6-9869-936F4D09E56A}.Debug|Any CPU.ActiveCfg = Debug|Any CPU
		{57FF860A-D847-40F6-9869-936F4D09E56A}.Debug|Any CPU.Build.0 = Debug|Any CPU
		{57FF860A-D847-40F6-9869-936F4D09E56A}.Release|Any CPU.ActiveCfg = Release|Any CPU
		{57FF860A-D847-40F6-9869-936F4D09E56A}.Release|Any CPU.Build.0 = Release|Any CPU
	EndGlobalSection
	GlobalSection(SolutionProperties) = preSolution
		HideSolutionNode = FALSE
	EndGlobalSection
	GlobalSection(ExtensibilityGlobals) = postSolution
		SolutionGuid = {60A3560E-4D12-4A8A-8756-42B0B669187B}
	EndGlobalSection
EndGlobal
