
Microsoft Visual Studio Solution File, Format Version 12.00
# Visual Studio Version 17
VisualStudioVersion = 17.3.32929.385
MinimumVisualStudioVersion = 10.0.40219.1
Project("{FAE04EC0-301F-11D3-BF4B-00C04F79EFBC}") = "Ornek1", "Ornek1\Ornek1.csproj", "{A250EE66-BE66-4764-8841-B0FC3EF59426}"
EndProject
Global
	GlobalSection(SolutionConfigurationPlatforms) = preSolution
		Debug|Any CPU = Debug|Any CPU
		Release|Any CPU = Release|Any CPU
	EndGlobalSection
	GlobalSection(ProjectConfigurationPlatforms) = postSolution
		{A250EE66-BE66-4764-8841-B0FC3EF59426}.Debug|Any CPU.ActiveCfg = Debug|Any CPU
		{A250EE66-BE66-4764-8841-B0FC3EF59426}.Debug|Any CPU.Build.0 = Debug|Any CPU
		{A250EE66-BE66-4764-8841-B0FC3EF59426}.Release|Any CPU.ActiveCfg = Release|Any CPU
		{A250EE66-BE66-4764-8841-B0FC3EF59426}.Release|Any CPU.Build.0 = Release|Any CPU
	EndGlobalSection
	GlobalSection(SolutionProperties) = preSolution
		HideSolutionNode = FALSE
	EndGlobalSection
	GlobalSection(ExtensibilityGlobals) = postSolution
		SolutionGuid = {16C7839B-802A-48C5-81A4-E09EA1AB1623}
	EndGlobalSection
EndGlobal
