
Microsoft Visual Studio Solution File, Format Version 12.00
# Visual Studio Version 17
VisualStudioVersion = 17.3.32929.385
MinimumVisualStudioVersion = 10.0.40219.1
Project("{FAE04EC0-301F-11D3-BF4B-00C04F79EFBC}") = "Ornek5", "Ornek5\Ornek5.csproj", "{671C622E-F077-478F-BC61-E3A22031194D}"
EndProject
Global
	GlobalSection(SolutionConfigurationPlatforms) = preSolution
		Debug|Any CPU = Debug|Any CPU
		Release|Any CPU = Release|Any CPU
	EndGlobalSection
	GlobalSection(ProjectConfigurationPlatforms) = postSolution
		{671C622E-F077-478F-BC61-E3A22031194D}.Debug|Any CPU.ActiveCfg = Debug|Any CPU
		{671C622E-F077-478F-BC61-E3A22031194D}.Debug|Any CPU.Build.0 = Debug|Any CPU
		{671C622E-F077-478F-BC61-E3A22031194D}.Release|Any CPU.ActiveCfg = Release|Any CPU
		{671C622E-F077-478F-BC61-E3A22031194D}.Release|Any CPU.Build.0 = Release|Any CPU
	EndGlobalSection
	GlobalSection(SolutionProperties) = preSolution
		HideSolutionNode = FALSE
	EndGlobalSection
	GlobalSection(ExtensibilityGlobals) = postSolution
		SolutionGuid = {B3214B62-393A-4960-8678-688D59CB84BC}
	EndGlobalSection
EndGlobal
